
Microsoft Visual Studio Solution File, Format Version 12.00
# Visual Studio Version 17
VisualStudioVersion = 17.7.34202.233
MinimumVisualStudioVersion = 10.0.40219.1
Project("{FAE04EC0-301F-11D3-BF4B-00C04F79EFBC}") = "ServerTask", "ServerTask\ServerTask.csproj", "{C39BB5F0-F619-4E47-9C36-A6D38A5E09A6}"
EndProject
Global
	GlobalSection(SolutionConfigurationPlatforms) = preSolution
		Debug|Any CPU = Debug|Any CPU
		Release|Any CPU = Release|Any CPU
	EndGlobalSection
	GlobalSection(ProjectConfigurationPlatforms) = postSolution
		{C39BB5F0-F619-4E47-9C36-A6D38A5E09A6}.Debug|Any CPU.ActiveCfg = Debug|Any CPU
		{C39BB5F0-F619-4E47-9C36-A6D38A5E09A6}.Debug|Any CPU.Build.0 = Debug|Any CPU
		{C39BB5F0-F619-4E47-9C36-A6D38A5E09A6}.Release|Any CPU.ActiveCfg = Release|Any CPU
		{C39BB5F0-F619-4E47-9C36-A6D38A5E09A6}.Release|Any CPU.Build.0 = Release|Any CPU
	EndGlobalSection
	GlobalSection(SolutionProperties) = preSolution
		HideSolutionNode = FALSE
	EndGlobalSection
	GlobalSection(ExtensibilityGlobals) = postSolution
		SolutionGuid = {DB16AEC6-6DF6-4678-9FE4-D501B00E53F8}
	EndGlobalSection
EndGlobal
